
Microsoft Visual Studio Solution File, Format Version 12.00
# Visual Studio 2013
VisualStudioVersion = 12.0.31101.0
MinimumVisualStudioVersion = 10.0.40219.1
Project("{8BC9CEB8-8B4A-11D0-8D11-00A0C91BC942}") = "brink", "brink.vcxproj", "{7ECF51DB-75B9-461A-B8B4-B99B1E77A3D5}"
	ProjectSection(ProjectDependencies) = postProject
		{49EA010D-706F-4BE2-A397-77854B72A040} = {49EA010D-706F-4BE2-A397-77854B72A040}
	EndProjectSection
EndProject
Project("{2150E333-8FDC-42A3-9474-1A3956D46DE8}") = "3rd", "3rd", "{748B0D46-1F4F-4144-B6F5-22EEB8E93FE4}"
EndProject
Project("{8BC9CEB8-8B4A-11D0-8D11-00A0C91BC942}") = "libprotobuf-lite", "3rd\protobuf-2.6.0\vsprojects\libprotobuf-lite.vcxproj", "{49EA010D-706F-4BE2-A397-77854B72A040}"
EndProject
Global
	GlobalSection(SolutionConfigurationPlatforms) = preSolution
		Debug|Win32 = Debug|Win32
		Release|Win32 = Release|Win32
	EndGlobalSection
	GlobalSection(ProjectConfigurationPlatforms) = postSolution
		{7ECF51DB-75B9-461A-B8B4-B99B1E77A3D5}.Debug|Win32.ActiveCfg = Debug|Win32
		{7ECF51DB-75B9-461A-B8B4-B99B1E77A3D5}.Debug|Win32.Build.0 = Debug|Win32
		{7ECF51DB-75B9-461A-B8B4-B99B1E77A3D5}.Release|Win32.ActiveCfg = Release|Win32
		{7ECF51DB-75B9-461A-B8B4-B99B1E77A3D5}.Release|Win32.Build.0 = Release|Win32
		{49EA010D-706F-4BE2-A397-77854B72A040}.Debug|Win32.ActiveCfg = Debug|Win32
		{49EA010D-706F-4BE2-A397-77854B72A040}.Debug|Win32.Build.0 = Debug|Win32
		{49EA010D-706F-4BE2-A397-77854B72A040}.Release|Win32.ActiveCfg = Release|Win32
		{49EA010D-706F-4BE2-A397-77854B72A040}.Release|Win32.Build.0 = Release|Win32
	EndGlobalSection
	GlobalSection(SolutionProperties) = preSolution
		HideSolutionNode = FALSE
	EndGlobalSection
	GlobalSection(NestedProjects) = preSolution
		{49EA010D-706F-4BE2-A397-77854B72A040} = {748B0D46-1F4F-4144-B6F5-22EEB8E93FE4}
	EndGlobalSection
EndGlobal
